
Microsoft Visual Studio Solution File, Format Version 12.00
# Visual Studio Version 16
VisualStudioVersion = 16.0.32510.428
MinimumVisualStudioVersion = 10.0.40219.1
Project("{FAE04EC0-301F-11D3-BF4B-00C04F79EFBC}") = "MoviesAPI", "MoviesAPI.csproj", "{AB59DC31-2061-4216-B091-8C20E887C8AC}"
EndProject
Global
	GlobalSection(SolutionConfigurationPlatforms) = preSolution
		Debug|Any CPU = Debug|Any CPU
		Release|Any CPU = Release|Any CPU
	EndGlobalSection
	GlobalSection(ProjectConfigurationPlatforms) = postSolution
		{AB59DC31-2061-4216-B091-8C20E887C8AC}.Debug|Any CPU.ActiveCfg = Debug|Any CPU
		{AB59DC31-2061-4216-B091-8C20E887C8AC}.Debug|Any CPU.Build.0 = Debug|Any CPU
		{AB59DC31-2061-4216-B091-8C20E887C8AC}.Release|Any CPU.ActiveCfg = Release|Any CPU
		{AB59DC31-2061-4216-B091-8C20E887C8AC}.Release|Any CPU.Build.0 = Release|Any CPU
	EndGlobalSection
	GlobalSection(SolutionProperties) = preSolution
		HideSolutionNode = FALSE
	EndGlobalSection
	GlobalSection(ExtensibilityGlobals) = postSolution
		SolutionGuid = {19D3F897-FED0-4709-AF71-37B2757E8E23}
	EndGlobalSection
EndGlobal
